
Microsoft Visual Studio Solution File, Format Version 12.00
# Visual Studio Version 17
VisualStudioVersion = 17.9.34728.123
MinimumVisualStudioVersion = 10.0.40219.1
Project("{FAE04EC0-301F-11D3-BF4B-00C04F79EFBC}") = "Kriptoloji", "Kriptoloji\Kriptoloji.csproj", "{DE23493E-A807-48A7-909C-1808B2BE18F3}"
EndProject
Global
	GlobalSection(SolutionConfigurationPlatforms) = preSolution
		Debug|Any CPU = Debug|Any CPU
		Release|Any CPU = Release|Any CPU
	EndGlobalSection
	GlobalSection(ProjectConfigurationPlatforms) = postSolution
		{DE23493E-A807-48A7-909C-1808B2BE18F3}.Debug|Any CPU.ActiveCfg = Debug|Any CPU
		{DE23493E-A807-48A7-909C-1808B2BE18F3}.Debug|Any CPU.Build.0 = Debug|Any CPU
		{DE23493E-A807-48A7-909C-1808B2BE18F3}.Release|Any CPU.ActiveCfg = Release|Any CPU
		{DE23493E-A807-48A7-909C-1808B2BE18F3}.Release|Any CPU.Build.0 = Release|Any CPU
	EndGlobalSection
	GlobalSection(SolutionProperties) = preSolution
		HideSolutionNode = FALSE
	EndGlobalSection
	GlobalSection(ExtensibilityGlobals) = postSolution
		SolutionGuid = {CBB528D8-F5CE-4E57-8FEE-DFDEA79B3CB3}
	EndGlobalSection
EndGlobal
